
Microsoft Visual Studio Solution File, Format Version 12.00
# Visual Studio Version 17
VisualStudioVersion = 17.11.35327.3
MinimumVisualStudioVersion = 10.0.40219.1
Project("{FAE04EC0-301F-11D3-BF4B-00C04F79EFBC}") = "Problema_15", "Problema_15\Problema_15.csproj", "{129E18D3-D5A2-400A-8D0F-0E957A70A81C}"
EndProject
Global
	GlobalSection(SolutionConfigurationPlatforms) = preSolution
		Debug|Any CPU = Debug|Any CPU
		Release|Any CPU = Release|Any CPU
	EndGlobalSection
	GlobalSection(ProjectConfigurationPlatforms) = postSolution
		{129E18D3-D5A2-400A-8D0F-0E957A70A81C}.Debug|Any CPU.ActiveCfg = Debug|Any CPU
		{129E18D3-D5A2-400A-8D0F-0E957A70A81C}.Debug|Any CPU.Build.0 = Debug|Any CPU
		{129E18D3-D5A2-400A-8D0F-0E957A70A81C}.Release|Any CPU.ActiveCfg = Release|Any CPU
		{129E18D3-D5A2-400A-8D0F-0E957A70A81C}.Release|Any CPU.Build.0 = Release|Any CPU
	EndGlobalSection
	GlobalSection(SolutionProperties) = preSolution
		HideSolutionNode = FALSE
	EndGlobalSection
	GlobalSection(ExtensibilityGlobals) = postSolution
		SolutionGuid = {18C91625-1C53-413C-8661-D75D1BB61FCF}
	EndGlobalSection
EndGlobal
